
Microsoft Visual Studio Solution File, Format Version 12.00
# Visual Studio Version 17
VisualStudioVersion = 17.13.35825.156 d17.13
MinimumVisualStudioVersion = 10.0.40219.1
Project("{54A90642-561A-4BB1-A94E-469ADEE60C69}") = "easyticket.client", "easyticket.client\easyticket.client.esproj", "{E0B62EFD-1792-0E8E-9D98-8C781BCABA72}"
EndProject
Project("{FAE04EC0-301F-11D3-BF4B-00C04F79EFBC}") = "EasyTicket.Server", "EasyTicket.Server\EasyTicket.Server.csproj", "{0CF88793-CFBC-437E-8EEF-5BBBA2AEED41}"
EndProject
Global
	GlobalSection(SolutionConfigurationPlatforms) = preSolution
		Debug|Any CPU = Debug|Any CPU
		Release|Any CPU = Release|Any CPU
	EndGlobalSection
	GlobalSection(ProjectConfigurationPlatforms) = postSolution
		{E0B62EFD-1792-0E8E-9D98-8C781BCABA72}.Debug|Any CPU.ActiveCfg = Debug|Any CPU
		{E0B62EFD-1792-0E8E-9D98-8C781BCABA72}.Debug|Any CPU.Build.0 = Debug|Any CPU
		{E0B62EFD-1792-0E8E-9D98-8C781BCABA72}.Debug|Any CPU.Deploy.0 = Debug|Any CPU
		{E0B62EFD-1792-0E8E-9D98-8C781BCABA72}.Release|Any CPU.ActiveCfg = Release|Any CPU
		{E0B62EFD-1792-0E8E-9D98-8C781BCABA72}.Release|Any CPU.Build.0 = Release|Any CPU
		{E0B62EFD-1792-0E8E-9D98-8C781BCABA72}.Release|Any CPU.Deploy.0 = Release|Any CPU
		{0CF88793-CFBC-437E-8EEF-5BBBA2AEED41}.Debug|Any CPU.ActiveCfg = Debug|Any CPU
		{0CF88793-CFBC-437E-8EEF-5BBBA2AEED41}.Debug|Any CPU.Build.0 = Debug|Any CPU
		{0CF88793-CFBC-437E-8EEF-5BBBA2AEED41}.Release|Any CPU.ActiveCfg = Release|Any CPU
		{0CF88793-CFBC-437E-8EEF-5BBBA2AEED41}.Release|Any CPU.Build.0 = Release|Any CPU
	EndGlobalSection
	GlobalSection(SolutionProperties) = preSolution
		HideSolutionNode = FALSE
	EndGlobalSection
	GlobalSection(ExtensibilityGlobals) = postSolution
		SolutionGuid = {DFC30DED-F9EA-4CA1-A23C-3C6665804459}
	EndGlobalSection
EndGlobal
